
Microsoft Visual Studio Solution File, Format Version 12.00
# Visual Studio Version 17
VisualStudioVersion = 17.5.002.0
MinimumVisualStudioVersion = 10.0.40219.1
Project("{9A19103F-16F7-4668-BE54-9A1E7A4F7556}") = "lambaitapad", "lambaitapad.csproj", "{BDB13A1D-47D7-477D-9711-45258EB7FFA0}"
EndProject
Global
	GlobalSection(SolutionConfigurationPlatforms) = preSolution
		Debug|Any CPU = Debug|Any CPU
		Release|Any CPU = Release|Any CPU
	EndGlobalSection
	GlobalSection(ProjectConfigurationPlatforms) = postSolution
		{BDB13A1D-47D7-477D-9711-45258EB7FFA0}.Debug|Any CPU.ActiveCfg = Debug|Any CPU
		{BDB13A1D-47D7-477D-9711-45258EB7FFA0}.Debug|Any CPU.Build.0 = Debug|Any CPU
		{BDB13A1D-47D7-477D-9711-45258EB7FFA0}.Release|Any CPU.ActiveCfg = Release|Any CPU
		{BDB13A1D-47D7-477D-9711-45258EB7FFA0}.Release|Any CPU.Build.0 = Release|Any CPU
	EndGlobalSection
	GlobalSection(SolutionProperties) = preSolution
		HideSolutionNode = FALSE
	EndGlobalSection
	GlobalSection(ExtensibilityGlobals) = postSolution
		SolutionGuid = {23159824-A98B-4D91-B21F-59FC98F4FADC}
	EndGlobalSection
EndGlobal
